version: 6
environments:
  env1:
    channels:
    - url: https://conda.anaconda.org/conda-forge
    packages:
      linux-64:
      - conda: https://conda.anaconda.org/conda-forge/linux-64/_libgcc_mutex-0.1-conda_forge.tar.bz2
      - conda: https://conda.anaconda.org/conda-forge/linux-64/_openmp_mutex-4.5-2_gnu.tar.bz2
      - conda: https://conda.anaconda.org/conda-forge/linux-64/bash-5.2.21-h7f99829_0.conda
      - conda: https://conda.anaconda.org/conda-forge/linux-64/libgcc-14.2.0-h77fa898_1.conda
      - conda: https://conda.anaconda.org/conda-forge/linux-64/libgcc-ng-14.2.0-h69a702a_1.conda
      - conda: https://conda.anaconda.org/conda-forge/linux-64/libgomp-14.2.0-h77fa898_1.conda
      - conda: https://conda.anaconda.org/conda-forge/linux-64/ncurses-6.5-h59595ed_0.conda
      - conda: https://conda.anaconda.org/conda-forge/linux-64/readline-8.2-h8c095d6_2.conda
      osx-arm64:
      - conda: https://conda.anaconda.org/conda-forge/osx-arm64/bash-5.2.21-h15d410d_0.conda
      - conda: https://conda.anaconda.org/conda-forge/osx-arm64/ncurses-6.5-hb89a1cb_0.conda
      - conda: https://conda.anaconda.org/conda-forge/osx-arm64/readline-8.2-h1d1bf99_2.conda
  env2:
    channels:
    - url: https://conda.anaconda.org/conda-forge
    packages:
      linux-64:
      - conda: https://conda.anaconda.org/conda-forge/linux-64/_libgcc_mutex-0.1-conda_forge.tar.bz2
      - conda: https://conda.anaconda.org/conda-forge/linux-64/_openmp_mutex-4.5-2_gnu.tar.bz2
      - conda: https://conda.anaconda.org/conda-forge/linux-64/libgcc-14.2.0-h77fa898_1.conda
      - conda: https://conda.anaconda.org/conda-forge/linux-64/libgcc-ng-14.2.0-h69a702a_1.conda
      - conda: https://conda.anaconda.org/conda-forge/linux-64/libgomp-14.2.0-h77fa898_1.conda
      - conda: https://conda.anaconda.org/conda-forge/linux-64/libstdcxx-14.2.0-hc0a3c3a_1.conda
      - conda: https://conda.anaconda.org/conda-forge/linux-64/libstdcxx-ng-14.2.0-h4852527_1.conda
      - conda: https://conda.anaconda.org/conda-forge/linux-64/ncurses-6.5-h59595ed_0.conda
      - conda: https://conda.anaconda.org/conda-forge/linux-64/pcre-8.45-h9c3ff4c_0.tar.bz2
      - conda: https://conda.anaconda.org/conda-forge/linux-64/zsh-5.9-h30626fc_2.conda
packages:
- conda: https://conda.anaconda.org/conda-forge/linux-64/_libgcc_mutex-0.1-conda_forge.tar.bz2
  sha256: fe51de6107f9edc7aa4f786a70f4a883943bc9d39b3bb7307c04c41410990726
  md5: d7c89558ba9fa0495403155b64376d81
  license: None
  size: 2562
  timestamp: 1578324546067
- conda: https://conda.anaconda.org/conda-forge/linux-64/_openmp_mutex-4.5-2_gnu.tar.bz2
  build_number: 16
  sha256: fbe2c5e56a653bebb982eda4876a9178aedfc2b545f25d0ce9c4c0b508253d22
  md5: 73aaf86a425cc6e73fcf236a5a46396d
  depends:
  - _libgcc_mutex 0.1 conda_forge
  - libgomp >=7.5.0
  constrains:
  - openmp_impl 9999
  license: BSD-3-Clause
  license_family: BSD
  size: 23621
  timestamp: 1650670423406
- conda: https://conda.anaconda.org/conda-forge/linux-64/bash-5.2.21-h7f99829_0.conda
  sha256: 7543ca8fc7941974cb012b2ff8d842ff83e0365ff21bd2c7fdbbd468511b6f80
  md5: c3f99059d4c3a2285f3c29c86c462c0f
  depends:
  - libgcc-ng >=12
  - readline >=8.2,<9.0a0
  license: GPL-3.0-or-later
  license_family: GPL
  size: 1761095
  timestamp: 1706046377436
- conda: https://conda.anaconda.org/conda-forge/osx-arm64/bash-5.2.21-h15d410d_0.conda
  sha256: ad71dd36a037d0294e4e93b2f32596a25604e16edf874022a8092babd4fd6bc1
  md5: d774335bcb39d77d7c38282fc93a9c6b
  depends:
  - readline >=8.2,<9.0a0
  license: GPL-3.0-or-later
  license_family: GPL
  size: 1566335
  timestamp: 1706046819536
- conda: https://conda.anaconda.org/conda-forge/linux-64/libgcc-14.2.0-h77fa898_1.conda
  sha256: 53eb8a79365e58849e7b1a068d31f4f9e718dc938d6f2c03e960345739a03569
  md5: 3cb76c3f10d3bc7f1105b2fc9db984df
  depends:
  - _libgcc_mutex 0.1 conda_forge
  - _openmp_mutex >=4.5
  constrains:
  - libgomp 14.2.0 h77fa898_1
  - libgcc-ng ==14.2.0=*_1
  license: GPL-3.0-only WITH GCC-exception-3.1
  license_family: GPL
  size: 848745
  timestamp: 1729027721139
- conda: https://conda.anaconda.org/conda-forge/linux-64/libgcc-ng-14.2.0-h69a702a_1.conda
  sha256: 3a76969c80e9af8b6e7a55090088bc41da4cffcde9e2c71b17f44d37b7cb87f7
  md5: e39480b9ca41323497b05492a63bc35b
  depends:
  - libgcc 14.2.0 h77fa898_1
  license: GPL-3.0-only WITH GCC-exception-3.1
  license_family: GPL
  size: 54142
  timestamp: 1729027726517
- conda: https://conda.anaconda.org/conda-forge/linux-64/libgomp-14.2.0-h77fa898_1.conda
  sha256: 1911c29975ec99b6b906904040c855772ccb265a1c79d5d75c8ceec4ed89cd63
  md5: cc3573974587f12dda90d96e3e55a702
  depends:
  - _libgcc_mutex 0.1 conda_forge
  license: GPL-3.0-only WITH GCC-exception-3.1
  license_family: GPL
  size: 460992
  timestamp: 1729027639220
- conda: https://conda.anaconda.org/conda-forge/linux-64/libstdcxx-14.2.0-hc0a3c3a_1.conda
  sha256: 4661af0eb9bdcbb5fb33e5d0023b001ad4be828fccdcc56500059d56f9869462
  md5: 234a5554c53625688d51062645337328
  depends:
  - libgcc 14.2.0 h77fa898_1
  license: GPL-3.0-only WITH GCC-exception-3.1
  license_family: GPL
  size: 3893695
  timestamp: 1729027746910
- conda: https://conda.anaconda.org/conda-forge/linux-64/libstdcxx-ng-14.2.0-h4852527_1.conda
  sha256: 25bb30b827d4f6d6f0522cc0579e431695503822f144043b93c50237017fffd8
  md5: 8371ac6457591af2cf6159439c1fd051
  depends:
  - libstdcxx 14.2.0 hc0a3c3a_1
  license: GPL-3.0-only WITH GCC-exception-3.1
  license_family: GPL
  size: 54105
  timestamp: 1729027780628
- conda: https://conda.anaconda.org/conda-forge/linux-64/ncurses-6.5-h59595ed_0.conda
  sha256: 4fc3b384f4072b68853a0013ea83bdfd3d66b0126e2238e1d6e1560747aa7586
  md5: fcea371545eda051b6deafb24889fc69
  depends:
  - libgcc-ng >=12
  license: X11 AND BSD-3-Clause
  size: 887465
  timestamp: 1715194722503
- conda: https://conda.anaconda.org/conda-forge/osx-arm64/ncurses-6.5-hb89a1cb_0.conda
  sha256: 87d7cf716d9d930dab682cb57b3b8d3a61940b47d6703f3529a155c938a6990a
  md5: b13ad5724ac9ae98b6b4fd87e4500ba4
  license: X11 AND BSD-3-Clause
  size: 795131
  timestamp: 1715194898402
- conda: https://conda.anaconda.org/conda-forge/linux-64/pcre-8.45-h9c3ff4c_0.tar.bz2
  sha256: 8f35c244b1631a4f31fb1d66ab6e1d9bfac0ca9b679deced1112c7225b3ad138
  md5: c05d1820a6d34ff07aaaab7a9b7eddaa
  depends:
  - libgcc-ng >=9.3.0
  - libstdcxx-ng >=9.3.0
  license: BSD-3-Clause
  license_family: BSD
  size: 259377
  timestamp: 1623788789327
- conda: https://conda.anaconda.org/conda-forge/linux-64/readline-8.2-h8c095d6_2.conda
  sha256: 2d6d0c026902561ed77cd646b5021aef2d4db22e57a5b0178dfc669231e06d2c
  md5: 283b96675859b20a825f8fa30f311446
  depends:
  - libgcc >=13
  - ncurses >=6.5,<7.0a0
  license: GPL-3.0-only
  license_family: GPL
  size: 282480
  timestamp: 1740379431762
- conda: https://conda.anaconda.org/conda-forge/osx-arm64/readline-8.2-h1d1bf99_2.conda
  sha256: 7db04684d3904f6151eff8673270922d31da1eea7fa73254d01c437f49702e34
  md5: 63ef3f6e6d6d5c589e64f11263dc5676
  depends:
  - ncurses >=6.5,<7.0a0
  license: GPL-3.0-only
  license_family: GPL
  size: 252359
  timestamp: 1740379663071
- conda: https://conda.anaconda.org/conda-forge/linux-64/zsh-5.9-h30626fc_2.conda
  sha256: 92a4f7fde79a7645e92a02611748b48c94783e23b6dffec9e66d5be51bfccded
  md5: fa8a6e2d70afb799c4e709414bc37e4b
  depends:
  - libgcc-ng >=12
  - ncurses >=6.5,<7.0a0
  - pcre >=8.45,<9.0a0
  license: MIT
  license_family: MIT
  size: 2660056
  timestamp: 1719762220347
